// !$*UTF8*$!
{
	archiveVersion = 1;
	classes = {
	};
	objectVersion = 50;
	objects = {

/* Begin PBXBuildFile section */
		215F862D237959BD00F45C32 /* AppDelegate.swift in Sources */ = {isa = PBXBuildFile; fileRef = 215F862C237959BD00F45C32 /* AppDelegate.swift */; };
		215F862F237959BD00F45C32 /* ViewController.swift in Sources */ = {isa = PBXBuildFile; fileRef = 215F862E237959BD00F45C32 /* ViewController.swift */; };
		215F8632237959BD00F45C32 /* Main.storyboard in Resources */ = {isa = PBXBuildFile; fileRef = 215F8630237959BD00F45C32 /* Main.storyboard */; };
		215F8634237959BF00F45C32 /* Assets.xcassets in Resources */ = {isa = PBXBuildFile; fileRef = 215F8633237959BF00F45C32 /* Assets.xcassets */; };
		215F8637237959BF00F45C32 /* LaunchScreen.storyboard in Resources */ = {isa = PBXBuildFile; fileRef = 215F8635237959BF00F45C32 /* LaunchScreen.storyboard */; };
		215F8641237959EE00F45C32 /* Ptrace.c in Sources */ = {isa = PBXBuildFile; fileRef = 215F8640237959EE00F45C32 /* Ptrace.c */; };
		215F8645237961CF00F45C32 /* main.swift in Sources */ = {isa = PBXBuildFile; fileRef = 215F8644237961CF00F45C32 /* main.swift */; };
/* End PBXBuildFile section */

/* Begin PBXFileReference section */
		215F8629237959BD00F45C32 /* ptraceDemo.app */ = {isa = PBXFileReference; explicitFileType = wrapper.application; includeInIndex = 0; path = ptraceDemo.app; sourceTree = BUILT_PRODUCTS_DIR; };
		215F862C237959BD00F45C32 /* AppDelegate.swift */ = {isa = PBXFileReference; lastKnownFileType = sourcecode.swift; path = AppDelegate.swift; sourceTree = "<group>"; };
		215F862E237959BD00F45C32 /* ViewController.swift */ = {isa = PBXFileReference; lastKnownFileType = sourcecode.swift; path = ViewController.swift; sourceTree = "<group>"; };
		215F8631237959BD00F45C32 /* Base */ = {isa = PBXFileReference; lastKnownFileType = file.storyboard; name = Base; path = Base.lproj/Main.storyboard; sourceTree = "<group>"; };
		215F8633237959BF00F45C32 /* Assets.xcassets */ = {isa = PBXFileReference; lastKnownFileType = folder.assetcatalog; path = Assets.xcassets; sourceTree = "<group>"; };
		215F8636237959BF00F45C32 /* Base */ = {isa = PBXFileReference; lastKnownFileType = file.storyboard; name = Base; path = Base.lproj/LaunchScreen.storyboard; sourceTree = "<group>"; };
		215F8638237959BF00F45C32 /* Info.plist */ = {isa = PBXFileReference; lastKnownFileType = text.plist.xml; path = Info.plist; sourceTree = "<group>"; };
		215F863E237959ED00F45C32 /* ptraceDemo-Bridging-Header.h */ = {isa = PBXFileReference; lastKnownFileType = sourcecode.c.h; path = "ptraceDemo-Bridging-Header.h"; sourceTree = "<group>"; };
		215F863F237959EE00F45C32 /* Ptrace.h */ = {isa = PBXFileReference; lastKnownFileType = sourcecode.c.h; path = Ptrace.h; sourceTree = "<group>"; };
		215F8640237959EE00F45C32 /* Ptrace.c */ = {isa = PBXFileReference; lastKnownFileType = sourcecode.c.c; path = Ptrace.c; sourceTree = "<group>"; };
		215F8644237961CF00F45C32 /* main.swift */ = {isa = PBXFileReference; fileEncoding = 4; lastKnownFileType = sourcecode.swift; path = main.swift; sourceTree = "<group>"; };
/* End PBXFileReference section */

/* Begin PBXFrameworksBuildPhase section */
		215F8626237959BD00F45C32 /* Frameworks */ = {
			isa = PBXFrameworksBuildPhase;
			buildActionMask = 2147483647;
			files = (
			);
			runOnlyForDeploymentPostprocessing = 0;
		};
/* End PBXFrameworksBuildPhase section */

/* Begin PBXGroup section */
		215F8620237959BD00F45C32 = {
			isa = PBXGroup;
			children = (
				215F862B237959BD00F45C32 /* ptraceDemo */,
				215F862A237959BD00F45C32 /* Products */,
			);
			sourceTree = "<group>";
		};
		215F862A237959BD00F45C32 /* Products */ = {
			isa = PBXGroup;
			children = (
				215F8629237959BD00F45C32 /* ptraceDemo.app */,
			);
			name = Products;
			sourceTree = "<group>";
		};
		215F862B237959BD00F45C32 /* ptraceDemo */ = {
			isa = PBXGroup;
			children = (
				215F862C237959BD00F45C32 /* AppDelegate.swift */,
				215F862E237959BD00F45C32 /* ViewController.swift */,
				215F863F237959EE00F45C32 /* Ptrace.h */,
				215F8640237959EE00F45C32 /* Ptrace.c */,
				215F8644237961CF00F45C32 /* main.swift */,
				215F8630237959BD00F45C32 /* Main.storyboard */,
				215F8633237959BF00F45C32 /* Assets.xcassets */,
				215F8635237959BF00F45C32 /* LaunchScreen.storyboard */,
				215F8638237959BF00F45C32 /* Info.plist */,
				215F863E237959ED00F45C32 /* ptraceDemo-Bridging-Header.h */,
			);
			path = ptraceDemo;
			sourceTree = "<group>";
		};
/* End PBXGroup section */

/* Begin PBXNativeTarget section */
		215F8628237959BD00F45C32 /* ptraceDemo */ = {
			isa = PBXNativeTarget;
			buildConfigurationList = 215F863B237959BF00F45C32 /* Build configuration list for PBXNativeTarget "ptraceDemo" */;
			buildPhases = (
				215F8625237959BD00F45C32 /* Sources */,
				215F8626237959BD00F45C32 /* Frameworks */,
				215F8627237959BD00F45C32 /* Resources */,
			);
			buildRules = (
			);
			dependencies = (
			);
			name = ptraceDemo;
			productName = ptraceDemo;
			productReference = 215F8629237959BD00F45C32 /* ptraceDemo.app */;
			productType = "com.apple.product-type.application";
		};
/* End PBXNativeTarget section */

/* Begin PBXProject section */
		215F8621237959BD00F45C32 /* Project object */ = {
			isa = PBXProject;
			attributes = {
				LastSwiftUpdateCheck = 1010;
				LastUpgradeCheck = 1010;
				ORGANIZATIONNAME = Lisj;
				TargetAttributes = {
					215F8628237959BD00F45C32 = {
						CreatedOnToolsVersion = 10.1;
						LastSwiftMigration = 1010;
					};
				};
			};
			buildConfigurationList = 215F8624237959BD00F45C32 /* Build configuration list for PBXProject "ptraceDemo" */;
			compatibilityVersion = "Xcode 9.3";
			developmentRegion = en;
			hasScannedForEncodings = 0;
			knownRegions = (
				en,
				Base,
			);
			mainGroup = 215F8620237959BD00F45C32;
			productRefGroup = 215F862A237959BD00F45C32 /* Products */;
			projectDirPath = "";
			projectRoot = "";
			targets = (
				215F8628237959BD00F45C32 /* ptraceDemo */,
			);
		};
/* End PBXProject section */

/* Begin PBXResourcesBuildPhase section */
		215F8627237959BD00F45C32 /* Resources */ = {
			isa = PBXResourcesBuildPhase;
			buildActionMask = 2147483647;
			files = (
				215F8637237959BF00F45C32 /* LaunchScreen.storyboard in Resources */,
				215F8634237959BF00F45C32 /* Assets.xcassets in Resources */,
				215F8632237959BD00F45C32 /* Main.storyboard in Resources */,
			);
			runOnlyForDeploymentPostprocessing = 0;
		};
/* End PBXResourcesBuildPhase section */

/* Begin PBXSourcesBuildPhase section */
		215F8625237959BD00F45C32 /* Sources */ = {
			isa = PBXSourcesBuildPhase;
			buildActionMask = 2147483647;
			files = (
				215F862F237959BD00F45C32 /* ViewController.swift in Sources */,
				215F8641237959EE00F45C32 /* Ptrace.c in Sources */,
				215F8645237961CF00F45C32 /* main.swift in Sources */,
				215F862D237959BD00F45C32 /* AppDelegate.swift in Sources */,
			);
			runOnlyForDeploymentPostprocessing = 0;
		};
/* End PBXSourcesBuildPhase section */

/* Begin PBXVariantGroup section */
		215F8630237959BD00F45C32 /* Main.storyboard */ = {
			isa = PBXVariantGroup;
			children = (
				215F8631237959BD00F45C32 /* Base */,
			);
			name = Main.storyboard;
			sourceTree = "<group>";
		};
		215F8635237959BF00F45C32 /* LaunchScreen.storyboard */ = {
			isa = PBXVariantGroup;
			children = (
				215F8636237959BF00F45C32 /* Base */,
			);
			name = LaunchScreen.storyboard;
			sourceTree = "<group>";
		};
/* End PBXVariantGroup section */

/* Begin XCBuildConfiguration section */
		215F8639237959BF00F45C32 /* Debug */ = {
			isa = XCBuildConfiguration;
			buildSettings = {
				ALWAYS_SEARCH_USER_PATHS = NO;
				CLANG_ANALYZER_NONNULL = YES;
				CLANG_ANALYZER_NUMBER_OBJECT_CONVERSION = YES_AGGRESSIVE;
				CLANG_CXX_LANGUAGE_STANDARD = "gnu++14";
				CLANG_CXX_LIBRARY = "libc++";
				CLANG_ENABLE_MODULES = YES;
				CLANG_ENABLE_OBJC_ARC = YES;
				CLANG_ENABLE_OBJC_WEAK = YES;
				CLANG_WARN_BLOCK_CAPTURE_AUTORELEASING = YES;
				CLANG_WARN_BOOL_CONVERSION = YES;
				CLANG_WARN_COMMA = YES;
				CLANG_WARN_CONSTANT_CONVERSION = YES;
				CLANG_WARN_DEPRECATED_OBJC_IMPLEMENTATIONS = YES;
				CLANG_WARN_DIRECT_OBJC_ISA_USAGE = YES_ERROR;
				CLANG_WARN_DOCUMENTATION_COMMENTS = YES;
				CLANG_WARN_EMPTY_BODY = YES;
				CLANG_WARN_ENUM_CONVERSION = YES;
				CLANG_WARN_INFINITE_RECURSION = YES;
				CLANG_WARN_INT_CONVERSION = YES;
				CLANG_WARN_NON_LITERAL_NULL_CONVERSION = YES;
				CLANG_WARN_OBJC_IMPLICIT_RETAIN_SELF = YES;
				CLANG_WARN_OBJC_LITERAL_CONVERSION = YES;
				CLANG_WARN_OBJC_ROOT_CLASS = YES_ERROR;
				CLANG_WARN_RANGE_LOOP_ANALYSIS = YES;
				CLANG_WARN_STRICT_PROTOTYPES = YES;
				CLANG_WARN_SUSPICIOUS_MOVE = YES;
				CLANG_WARN_UNGUARDED_AVAILABILITY = YES_AGGRESSIVE;
				CLANG_WARN_UNREACHABLE_CODE = YES;
				CLANG_WARN__DUPLICATE_METHOD_MATCH = YES;
				CODE_SIGN_IDENTITY = "iPhone Developer";
				COPY_PHASE_STRIP = NO;
				DEBUG_INFORMATION_FORMAT = dwarf;
				ENABLE_STRICT_OBJC_MSGSEND = YES;
				ENABLE_TESTABILITY = YES;
				GCC_C_LANGUAGE_STANDARD = gnu11;
				GCC_DYNAMIC_NO_PIC = NO;
				GCC_NO_COMMON_BLOCKS = YES;
				GCC_OPTIMIZATION_LEVEL = 0;
				GCC_PREPROCESSOR_DEFINITIONS = (
					"DEBUG=1",
					"$(inherited)",
				);
				GCC_WARN_64_TO_32_BIT_CONVERSION = YES;
				GCC_WARN_ABOUT_RETURN_TYPE = YES_ERROR;
				GCC_WARN_UNDECLARED_SELECTOR = YES;
				GCC_WARN_UNINITIALIZED_AUTOS = YES_AGGRESSIVE;
				GCC_WARN_UNUSED_FUNCTION = YES;
				GCC_WARN_UNUSED_VARIABLE = YES;
				IPHONEOS_DEPLOYMENT_TARGET = 12.1;
				MTL_ENABLE_DEBUG_INFO = INCLUDE_SOURCE;
				MTL_FAST_MATH = YES;
				ONLY_ACTIVE_ARCH = YES;
				SDKROOT = iphoneos;
				SWIFT_ACTIVE_COMPILATION_CONDITIONS = DEBUG;
				SWIFT_OPTIMIZATION_LEVEL = "-Onone";
			};
			name = Debug;
		};
		215F863A237959BF00F45C32 /* Release */ = {
			isa = XCBuildConfiguration;
			buildSettings = {
				ALWAYS_SEARCH_USER_PATHS = NO;
				CLANG_ANALYZER_NONNULL = YES;
				CLANG_ANALYZER_NUMBER_OBJECT_CONVERSION = YES_AGGRESSIVE;
				CLANG_CXX_LANGUAGE_STANDARD = "gnu++14";
				CLANG_CXX_LIBRARY = "libc++";
				CLANG_ENABLE_MODULES = YES;
				CLANG_ENABLE_OBJC_ARC = YES;
				CLANG_ENABLE_OBJC_WEAK = YES;
				CLANG_WARN_BLOCK_CAPTURE_AUTORELEASING = YES;
				CLANG_WARN_BOOL_CONVERSION = YES;
				CLANG_WARN_COMMA = YES;
				CLANG_WARN_CONSTANT_CONVERSION = YES;
				CLANG_WARN_DEPRECATED_OBJC_IMPLEMENTATIONS = YES;
				CLANG_WARN_DIRECT_OBJC_ISA_USAGE = YES_ERROR;
				CLANG_WARN_DOCUMENTATION_COMMENTS = YES;
				CLANG_WARN_EMPTY_BODY = YES;
				CLANG_WARN_ENUM_CONVERSION = YES;
				CLANG_WARN_INFINITE_RECURSION = YES;
				CLANG_WARN_INT_CONVERSION = YES;
				CLANG_WARN_NON_LITERAL_NULL_CONVERSION = YES;
				CLANG_WARN_OBJC_IMPLICIT_RETAIN_SELF = YES;
				CLANG_WARN_OBJC_LITERAL_CONVERSION = YES;
				CLANG_WARN_OBJC_ROOT_CLASS = YES_ERROR;
				CLANG_WARN_RANGE_LOOP_ANALYSIS = YES;
				CLANG_WARN_STRICT_PROTOTYPES = YES;
				CLANG_WARN_SUSPICIOUS_MOVE = YES;
				CLANG_WARN_UNGUARDED_AVAILABILITY = YES_AGGRESSIVE;
				CLANG_WARN_UNREACHABLE_CODE = YES;
				CLANG_WARN__DUPLICATE_METHOD_MATCH = YES;
				CODE_SIGN_IDENTITY = "iPhone Developer";
				COPY_PHASE_STRIP = NO;
				DEBUG_INFORMATION_FORMAT = "dwarf-with-dsym";
				ENABLE_NS_ASSERTIONS = NO;
				ENABLE_STRICT_OBJC_MSGSEND = YES;
				GCC_C_LANGUAGE_STANDARD = gnu11;
				GCC_NO_COMMON_BLOCKS = YES;
				GCC_WARN_64_TO_32_BIT_CONVERSION = YES;
				GCC_WARN_ABOUT_RETURN_TYPE = YES_ERROR;
				GCC_WARN_UNDECLARED_SELECTOR = YES;
				GCC_WARN_UNINITIALIZED_AUTOS = YES_AGGRESSIVE;
				GCC_WARN_UNUSED_FUNCTION = YES;
				GCC_WARN_UNUSED_VARIABLE = YES;
				IPHONEOS_DEPLOYMENT_TARGET = 12.1;
				MTL_ENABLE_DEBUG_INFO = NO;
				MTL_FAST_MATH = YES;
				SDKROOT = iphoneos;
				SWIFT_COMPILATION_MODE = wholemodule;
				SWIFT_OPTIMIZATION_LEVEL = "-O";
				VALIDATE_PRODUCT = YES;
			};
			name = Release;
		};
		215F863C237959BF00F45C32 /* Debug */ = {
			isa = XCBuildConfiguration;
			buildSettings = {
				ASSETCATALOG_COMPILER_APPICON_NAME = AppIcon;
				CLANG_ENABLE_MODULES = YES;
				CODE_SIGN_STYLE = Automatic;
				DEVELOPMENT_TEAM = X54BPV8374;
				INFOPLIST_FILE = ptraceDemo/Info.plist;
				IPHONEOS_DEPLOYMENT_TARGET = 9.0;
				LD_RUNPATH_SEARCH_PATHS = (
					"$(inherited)",
					"@executable_path/Frameworks",
				);
				PRODUCT_BUNDLE_IDENTIFIER = com.7moor.cc.ptraceDemo;
				PRODUCT_NAME = "$(TARGET_NAME)";
				SWIFT_OBJC_BRIDGING_HEADER = "ptraceDemo/ptraceDemo-Bridging-Header.h";
				SWIFT_OPTIMIZATION_LEVEL = "-Onone";
				SWIFT_VERSION = 4.2;
				TARGETED_DEVICE_FAMILY = 1;
			};
			name = Debug;
		};
		215F863D237959BF00F45C32 /* Release */ = {
			isa = XCBuildConfiguration;
			buildSettings = {
				ASSETCATALOG_COMPILER_APPICON_NAME = AppIcon;
				CLANG_ENABLE_MODULES = YES;
				CODE_SIGN_STYLE = Automatic;
				DEVELOPMENT_TEAM = X54BPV8374;
				INFOPLIST_FILE = ptraceDemo/Info.plist;
				IPHONEOS_DEPLOYMENT_TARGET = 9.0;
				LD_RUNPATH_SEARCH_PATHS = (
					"$(inherited)",
					"@executable_path/Frameworks",
				);
				PRODUCT_BUNDLE_IDENTIFIER = com.7moor.cc.ptraceDemo;
				PRODUCT_NAME = "$(TARGET_NAME)";
				SWIFT_OBJC_BRIDGING_HEADER = "ptraceDemo/ptraceDemo-Bridging-Header.h";
				SWIFT_VERSION = 4.2;
				TARGETED_DEVICE_FAMILY = 1;
			};
			name = Release;
		};
/* End XCBuildConfiguration section */

/* Begin XCConfigurationList section */
		215F8624237959BD00F45C32 /* Build configuration list for PBXProject "ptraceDemo" */ = {
			isa = XCConfigurationList;
			buildConfigurations = (
				215F8639237959BF00F45C32 /* Debug */,
				215F863A237959BF00F45C32 /* Release */,
			);
			defaultConfigurationIsVisible = 0;
			defaultConfigurationName = Release;
		};
		215F863B237959BF00F45C32 /* Build configuration list for PBXNativeTarget "ptraceDemo" */ = {
			isa = XCConfigurationList;
			buildConfigurations = (
				215F863C237959BF00F45C32 /* Debug */,
				215F863D237959BF00F45C32 /* Release */,
			);
			defaultConfigurationIsVisible = 0;
			defaultConfigurationName = Release;
		};
/* End XCConfigurationList section */
	};
	rootObject = 215F8621237959BD00F45C32 /* Project object */;
}
